
Microsoft Visual Studio Solution File, Format Version 12.00
# Visual Studio Version 17
VisualStudioVersion = 17.4.33122.133
MinimumVisualStudioVersion = 10.0.40219.1
Project("{FAE04EC0-301F-11D3-BF4B-00C04F79EFBC}") = "CleanCodeBase", "CleanCodeBase\CleanCodeBase.csproj", "{6DB0E0E4-D6F0-4CD0-9FB9-8D4F67F57375}"
EndProject
Global
	GlobalSection(SolutionConfigurationPlatforms) = preSolution
		Debug|Any CPU = Debug|Any CPU
		Release|Any CPU = Release|Any CPU
	EndGlobalSection
	GlobalSection(ProjectConfigurationPlatforms) = postSolution
		{6DB0E0E4-D6F0-4CD0-9FB9-8D4F67F57375}.Debug|Any CPU.ActiveCfg = Debug|Any CPU
		{6DB0E0E4-D6F0-4CD0-9FB9-8D4F67F57375}.Debug|Any CPU.Build.0 = Debug|Any CPU
		{6DB0E0E4-D6F0-4CD0-9FB9-8D4F67F57375}.Release|Any CPU.ActiveCfg = Release|Any CPU
		{6DB0E0E4-D6F0-4CD0-9FB9-8D4F67F57375}.Release|Any CPU.Build.0 = Release|Any CPU
	EndGlobalSection
	GlobalSection(SolutionProperties) = preSolution
		HideSolutionNode = FALSE
	EndGlobalSection
	GlobalSection(ExtensibilityGlobals) = postSolution
		SolutionGuid = {66ADCA9C-A2FF-4604-B457-D22E8F536FF9}
	EndGlobalSection
EndGlobal
